
Microsoft Visual Studio Solution File, Format Version 12.00
# Visual Studio Version 17
VisualStudioVersion = 17.9.34902.65
MinimumVisualStudioVersion = 10.0.40219.1
Project("{FAE04EC0-301F-11D3-BF4B-00C04F79EFBC}") = "WebApplication1232", "E:\WebApplication1232\WebApplication1232\WebApplication1232.csproj", "{BFFC6B5E-3351-4794-B64B-D58DF782BCFB}"
EndProject
Global
	GlobalSection(SolutionConfigurationPlatforms) = preSolution
		Debug|Any CPU = Debug|Any CPU
		Release|Any CPU = Release|Any CPU
	EndGlobalSection
	GlobalSection(ProjectConfigurationPlatforms) = postSolution
		{BFFC6B5E-3351-4794-B64B-D58DF782BCFB}.Debug|Any CPU.ActiveCfg = Debug|Any CPU
		{BFFC6B5E-3351-4794-B64B-D58DF782BCFB}.Debug|Any CPU.Build.0 = Debug|Any CPU
		{BFFC6B5E-3351-4794-B64B-D58DF782BCFB}.Release|Any CPU.ActiveCfg = Release|Any CPU
		{BFFC6B5E-3351-4794-B64B-D58DF782BCFB}.Release|Any CPU.Build.0 = Release|Any CPU
	EndGlobalSection
	GlobalSection(SolutionProperties) = preSolution
		HideSolutionNode = FALSE
	EndGlobalSection
	GlobalSection(ExtensibilityGlobals) = postSolution
		SolutionGuid = {9FF9ECDD-787C-4F26-B6A4-5EADA97770B8}
	EndGlobalSection
EndGlobal
